// !$*UTF8*$!
{
	archiveVersion = 1;
	classes = {
	};
	objectVersion = 46;
	objects = {

/* Begin PBXBuildFile section */
		521C1A321A260790004EAF91 /* main.m in Sources */ = {isa = PBXBuildFile; fileRef = 521C1A311A260790004EAF91 /* main.m */; };
		521C1A351A260790004EAF91 /* AppDelegate.m in Sources */ = {isa = PBXBuildFile; fileRef = 521C1A341A260790004EAF91 /* AppDelegate.m */; };
		521C1A381A260790004EAF91 /* ViewController.m in Sources */ = {isa = PBXBuildFile; fileRef = 521C1A371A260790004EAF91 /* ViewController.m */; };
		521C1A3B1A260790004EAF91 /* Main.storyboard in Resources */ = {isa = PBXBuildFile; fileRef = 521C1A391A260790004EAF91 /* Main.storyboard */; };
		521C1A3D1A260790004EAF91 /* Images.xcassets in Resources */ = {isa = PBXBuildFile; fileRef = 521C1A3C1A260790004EAF91 /* Images.xcassets */; };
		521C1A401A260790004EAF91 /* LaunchScreen.xib in Resources */ = {isa = PBXBuildFile; fileRef = 521C1A3E1A260790004EAF91 /* LaunchScreen.xib */; };
		521C1A4C1A260791004EAF91 /* MachismoTests.m in Sources */ = {isa = PBXBuildFile; fileRef = 521C1A4B1A260791004EAF91 /* MachismoTests.m */; };
		52B666321A2755B000A5A829 /* Card.m in Sources */ = {isa = PBXBuildFile; fileRef = 52B666311A2755B000A5A829 /* Card.m */; };
		52B666351A2757AB00A5A829 /* Deck.m in Sources */ = {isa = PBXBuildFile; fileRef = 52B666341A2757AB00A5A829 /* Deck.m */; };
		52B666381A275C6900A5A829 /* PlayingCard.m in Sources */ = {isa = PBXBuildFile; fileRef = 52B666371A275C6900A5A829 /* PlayingCard.m */; };
		52B6663B1A2765AB00A5A829 /* PlayingCardDeck.m in Sources */ = {isa = PBXBuildFile; fileRef = 52B6663A1A2765AB00A5A829 /* PlayingCardDeck.m */; };
/* End PBXBuildFile section */

/* Begin PBXContainerItemProxy section */
		521C1A461A260791004EAF91 /* PBXContainerItemProxy */ = {
			isa = PBXContainerItemProxy;
			containerPortal = 521C1A241A260790004EAF91 /* Project object */;
			proxyType = 1;
			remoteGlobalIDString = 521C1A2B1A260790004EAF91;
			remoteInfo = Machismo;
		};
/* End PBXContainerItemProxy section */

/* Begin PBXFileReference section */
		521C1A2C1A260790004EAF91 /* Machismo.app */ = {isa = PBXFileReference; explicitFileType = wrapper.application; includeInIndex = 0; path = Machismo.app; sourceTree = BUILT_PRODUCTS_DIR; };
		521C1A301A260790004EAF91 /* Info.plist */ = {isa = PBXFileReference; lastKnownFileType = text.plist.xml; path = Info.plist; sourceTree = "<group>"; };
		521C1A311A260790004EAF91 /* main.m */ = {isa = PBXFileReference; lastKnownFileType = sourcecode.c.objc; path = main.m; sourceTree = "<group>"; };
		521C1A331A260790004EAF91 /* AppDelegate.h */ = {isa = PBXFileReference; lastKnownFileType = sourcecode.c.h; path = AppDelegate.h; sourceTree = "<group>"; };
		521C1A341A260790004EAF91 /* AppDelegate.m */ = {isa = PBXFileReference; lastKnownFileType = sourcecode.c.objc; path = AppDelegate.m; sourceTree = "<group>"; };
		521C1A361A260790004EAF91 /* ViewController.h */ = {isa = PBXFileReference; lastKnownFileType = sourcecode.c.h; path = ViewController.h; sourceTree = "<group>"; };
		521C1A371A260790004EAF91 /* ViewController.m */ = {isa = PBXFileReference; lastKnownFileType = sourcecode.c.objc; path = ViewController.m; sourceTree = "<group>"; };
		521C1A3A1A260790004EAF91 /* Base */ = {isa = PBXFileReference; lastKnownFileType = file.storyboard; name = Base; path = Base.lproj/Main.storyboard; sourceTree = "<group>"; };
		521C1A3C1A260790004EAF91 /* Images.xcassets */ = {isa = PBXFileReference; lastKnownFileType = folder.assetcatalog; path = Images.xcassets; sourceTree = "<group>"; };
		521C1A3F1A260790004EAF91 /* Base */ = {isa = PBXFileReference; lastKnownFileType = file.xib; name = Base; path = Base.lproj/LaunchScreen.xib; sourceTree = "<group>"; };
		521C1A451A260791004EAF91 /* MachismoTests.xctest */ = {isa = PBXFileReference; explicitFileType = wrapper.cfbundle; includeInIndex = 0; path = MachismoTests.xctest; sourceTree = BUILT_PRODUCTS_DIR; };
		521C1A4A1A260791004EAF91 /* Info.plist */ = {isa = PBXFileReference; lastKnownFileType = text.plist.xml; path = Info.plist; sourceTree = "<group>"; };
		521C1A4B1A260791004EAF91 /* MachismoTests.m */ = {isa = PBXFileReference; lastKnownFileType = sourcecode.c.objc; path = MachismoTests.m; sourceTree = "<group>"; };
		52B666301A2755B000A5A829 /* Card.h */ = {isa = PBXFileReference; fileEncoding = 4; lastKnownFileType = sourcecode.c.h; name = Card.h; path = Machismo/Card.h; sourceTree = "<group>"; };
		52B666311A2755B000A5A829 /* Card.m */ = {isa = PBXFileReference; fileEncoding = 4; lastKnownFileType = sourcecode.c.objc; name = Card.m; path = Machismo/Card.m; sourceTree = "<group>"; };
		52B666331A2757AB00A5A829 /* Deck.h */ = {isa = PBXFileReference; fileEncoding = 4; lastKnownFileType = sourcecode.c.h; name = Deck.h; path = Machismo/Deck.h; sourceTree = "<group>"; };
		52B666341A2757AB00A5A829 /* Deck.m */ = {isa = PBXFileReference; fileEncoding = 4; lastKnownFileType = sourcecode.c.objc; name = Deck.m; path = Machismo/Deck.m; sourceTree = "<group>"; };
		52B666361A275C6900A5A829 /* PlayingCard.h */ = {isa = PBXFileReference; fileEncoding = 4; lastKnownFileType = sourcecode.c.h; name = PlayingCard.h; path = Machismo/PlayingCard.h; sourceTree = "<group>"; };
		52B666371A275C6900A5A829 /* PlayingCard.m */ = {isa = PBXFileReference; fileEncoding = 4; lastKnownFileType = sourcecode.c.objc; name = PlayingCard.m; path = Machismo/PlayingCard.m; sourceTree = "<group>"; };
		52B666391A2765AB00A5A829 /* PlayingCardDeck.h */ = {isa = PBXFileReference; fileEncoding = 4; lastKnownFileType = sourcecode.c.h; name = PlayingCardDeck.h; path = Machismo/PlayingCardDeck.h; sourceTree = "<group>"; };
		52B6663A1A2765AB00A5A829 /* PlayingCardDeck.m */ = {isa = PBXFileReference; fileEncoding = 4; lastKnownFileType = sourcecode.c.objc; name = PlayingCardDeck.m; path = Machismo/PlayingCardDeck.m; sourceTree = "<group>"; };
/* End PBXFileReference section */

/* Begin PBXFrameworksBuildPhase section */
		521C1A291A260790004EAF91 /* Frameworks */ = {
			isa = PBXFrameworksBuildPhase;
			buildActionMask = 2147483647;
			files = (
			);
			runOnlyForDeploymentPostprocessing = 0;
		};
		521C1A421A260791004EAF91 /* Frameworks */ = {
			isa = PBXFrameworksBuildPhase;
			buildActionMask = 2147483647;
			files = (
			);
			runOnlyForDeploymentPostprocessing = 0;
		};
/* End PBXFrameworksBuildPhase section */

/* Begin PBXGroup section */
		521C1A231A260790004EAF91 = {
			isa = PBXGroup;
			children = (
				52B666301A2755B000A5A829 /* Card.h */,
				52B666311A2755B000A5A829 /* Card.m */,
				52B666331A2757AB00A5A829 /* Deck.h */,
				52B666341A2757AB00A5A829 /* Deck.m */,
				52B666361A275C6900A5A829 /* PlayingCard.h */,
				52B666371A275C6900A5A829 /* PlayingCard.m */,
				52B666391A2765AB00A5A829 /* PlayingCardDeck.h */,
				52B6663A1A2765AB00A5A829 /* PlayingCardDeck.m */,
				521C1A2E1A260790004EAF91 /* Machismo */,
				521C1A481A260791004EAF91 /* MachismoTests */,
				521C1A2D1A260790004EAF91 /* Products */,
			);
			sourceTree = "<group>";
		};
		521C1A2D1A260790004EAF91 /* Products */ = {
			isa = PBXGroup;
			children = (
				521C1A2C1A260790004EAF91 /* Machismo.app */,
				521C1A451A260791004EAF91 /* MachismoTests.xctest */,
			);
			name = Products;
			sourceTree = "<group>";
		};
		521C1A2E1A260790004EAF91 /* Machismo */ = {
			isa = PBXGroup;
			children = (
				521C1A361A260790004EAF91 /* ViewController.h */,
				521C1A371A260790004EAF91 /* ViewController.m */,
				521C1A391A260790004EAF91 /* Main.storyboard */,
				521C1A3C1A260790004EAF91 /* Images.xcassets */,
				521C1A3E1A260790004EAF91 /* LaunchScreen.xib */,
				521C1A2F1A260790004EAF91 /* Supporting Files */,
			);
			path = Machismo;
			sourceTree = "<group>";
		};
		521C1A2F1A260790004EAF91 /* Supporting Files */ = {
			isa = PBXGroup;
			children = (
				521C1A331A260790004EAF91 /* AppDelegate.h */,
				521C1A341A260790004EAF91 /* AppDelegate.m */,
				521C1A301A260790004EAF91 /* Info.plist */,
				521C1A311A260790004EAF91 /* main.m */,
			);
			name = "Supporting Files";
			sourceTree = "<group>";
		};
		521C1A481A260791004EAF91 /* MachismoTests */ = {
			isa = PBXGroup;
			children = (
				521C1A4B1A260791004EAF91 /* MachismoTests.m */,
				521C1A491A260791004EAF91 /* Supporting Files */,
			);
			path = MachismoTests;
			sourceTree = "<group>";
		};
		521C1A491A260791004EAF91 /* Supporting Files */ = {
			isa = PBXGroup;
			children = (
				521C1A4A1A260791004EAF91 /* Info.plist */,
			);
			name = "Supporting Files";
			sourceTree = "<group>";
		};
/* End PBXGroup section */

/* Begin PBXNativeTarget section */
		521C1A2B1A260790004EAF91 /* Machismo */ = {
			isa = PBXNativeTarget;
			buildConfigurationList = 521C1A4F1A260791004EAF91 /* Build configuration list for PBXNativeTarget "Machismo" */;
			buildPhases = (
				521C1A281A260790004EAF91 /* Sources */,
				521C1A291A260790004EAF91 /* Frameworks */,
				521C1A2A1A260790004EAF91 /* Resources */,
			);
			buildRules = (
			);
			dependencies = (
			);
			name = Machismo;
			productName = Machismo;
			productReference = 521C1A2C1A260790004EAF91 /* Machismo.app */;
			productType = "com.apple.product-type.application";
		};
		521C1A441A260791004EAF91 /* MachismoTests */ = {
			isa = PBXNativeTarget;
			buildConfigurationList = 521C1A521A260791004EAF91 /* Build configuration list for PBXNativeTarget "MachismoTests" */;
			buildPhases = (
				521C1A411A260791004EAF91 /* Sources */,
				521C1A421A260791004EAF91 /* Frameworks */,
				521C1A431A260791004EAF91 /* Resources */,
			);
			buildRules = (
			);
			dependencies = (
				521C1A471A260791004EAF91 /* PBXTargetDependency */,
			);
			name = MachismoTests;
			productName = MachismoTests;
			productReference = 521C1A451A260791004EAF91 /* MachismoTests.xctest */;
			productType = "com.apple.product-type.bundle.unit-test";
		};
/* End PBXNativeTarget section */

/* Begin PBXProject section */
		521C1A241A260790004EAF91 /* Project object */ = {
			isa = PBXProject;
			attributes = {
				LastUpgradeCheck = 0610;
				ORGANIZATIONNAME = "Nelson Wittwer";
				TargetAttributes = {
					521C1A2B1A260790004EAF91 = {
						CreatedOnToolsVersion = 6.1;
					};
					521C1A441A260791004EAF91 = {
						CreatedOnToolsVersion = 6.1;
						TestTargetID = 521C1A2B1A260790004EAF91;
					};
				};
			};
			buildConfigurationList = 521C1A271A260790004EAF91 /* Build configuration list for PBXProject "Machismo" */;
			compatibilityVersion = "Xcode 3.2";
			developmentRegion = English;
			hasScannedForEncodings = 0;
			knownRegions = (
				en,
				Base,
			);
			mainGroup = 521C1A231A260790004EAF91;
			productRefGroup = 521C1A2D1A260790004EAF91 /* Products */;
			projectDirPath = "";
			projectRoot = "";
			targets = (
				521C1A2B1A260790004EAF91 /* Machismo */,
				521C1A441A260791004EAF91 /* MachismoTests */,
			);
		};
/* End PBXProject section */

/* Begin PBXResourcesBuildPhase section */
		521C1A2A1A260790004EAF91 /* Resources */ = {
			isa = PBXResourcesBuildPhase;
			buildActionMask = 2147483647;
			files = (
				521C1A3B1A260790004EAF91 /* Main.storyboard in Resources */,
				521C1A401A260790004EAF91 /* LaunchScreen.xib in Resources */,
				521C1A3D1A260790004EAF91 /* Images.xcassets in Resources */,
			);
			runOnlyForDeploymentPostprocessing = 0;
		};
		521C1A431A260791004EAF91 /* Resources */ = {
			isa = PBXResourcesBuildPhase;
			buildActionMask = 2147483647;
			files = (
			);
			runOnlyForDeploymentPostprocessing = 0;
		};
/* End PBXResourcesBuildPhase section */

/* Begin PBXSourcesBuildPhase section */
		521C1A281A260790004EAF91 /* Sources */ = {
			isa = PBXSourcesBuildPhase;
			buildActionMask = 2147483647;
			files = (
				52B666381A275C6900A5A829 /* PlayingCard.m in Sources */,
				52B666351A2757AB00A5A829 /* Deck.m in Sources */,
				521C1A381A260790004EAF91 /* ViewController.m in Sources */,
				521C1A351A260790004EAF91 /* AppDelegate.m in Sources */,
				52B6663B1A2765AB00A5A829 /* PlayingCardDeck.m in Sources */,
				521C1A321A260790004EAF91 /* main.m in Sources */,
				52B666321A2755B000A5A829 /* Card.m in Sources */,
			);
			runOnlyForDeploymentPostprocessing = 0;
		};
		521C1A411A260791004EAF91 /* Sources */ = {
			isa = PBXSourcesBuildPhase;
			buildActionMask = 2147483647;
			files = (
				521C1A4C1A260791004EAF91 /* MachismoTests.m in Sources */,
			);
			runOnlyForDeploymentPostprocessing = 0;
		};
/* End PBXSourcesBuildPhase section */

/* Begin PBXTargetDependency section */
		521C1A471A260791004EAF91 /* PBXTargetDependency */ = {
			isa = PBXTargetDependency;
			target = 521C1A2B1A260790004EAF91 /* Machismo */;
			targetProxy = 521C1A461A260791004EAF91 /* PBXContainerItemProxy */;
		};
/* End PBXTargetDependency section */

/* Begin PBXVariantGroup section */
		521C1A391A260790004EAF91 /* Main.storyboard */ = {
			isa = PBXVariantGroup;
			children = (
				521C1A3A1A260790004EAF91 /* Base */,
			);
			name = Main.storyboard;
			sourceTree = "<group>";
		};
		521C1A3E1A260790004EAF91 /* LaunchScreen.xib */ = {
			isa = PBXVariantGroup;
			children = (
				521C1A3F1A260790004EAF91 /* Base */,
			);
			name = LaunchScreen.xib;
			sourceTree = "<group>";
		};
/* End PBXVariantGroup section */

/* Begin XCBuildConfiguration section */
		521C1A4D1A260791004EAF91 /* Debug */ = {
			isa = XCBuildConfiguration;
			buildSettings = {
				ALWAYS_SEARCH_USER_PATHS = NO;
				CLANG_CXX_LANGUAGE_STANDARD = "gnu++0x";
				CLANG_CXX_LIBRARY = "libc++";
				CLANG_ENABLE_MODULES = YES;
				CLANG_ENABLE_OBJC_ARC = YES;
				CLANG_WARN_BOOL_CONVERSION = YES;
				CLANG_WARN_CONSTANT_CONVERSION = YES;
				CLANG_WARN_DIRECT_OBJC_ISA_USAGE = YES_ERROR;
				CLANG_WARN_EMPTY_BODY = YES;
				CLANG_WARN_ENUM_CONVERSION = YES;
				CLANG_WARN_INT_CONVERSION = YES;
				CLANG_WARN_OBJC_ROOT_CLASS = YES_ERROR;
				CLANG_WARN_UNREACHABLE_CODE = YES;
				CLANG_WARN__DUPLICATE_METHOD_MATCH = YES;
				"CODE_SIGN_IDENTITY[sdk=iphoneos*]" = "iPhone Developer";
				COPY_PHASE_STRIP = NO;
				ENABLE_STRICT_OBJC_MSGSEND = YES;
				GCC_C_LANGUAGE_STANDARD = gnu99;
				GCC_DYNAMIC_NO_PIC = NO;
				GCC_OPTIMIZATION_LEVEL = 0;
				GCC_PREPROCESSOR_DEFINITIONS = (
					"DEBUG=1",
					"$(inherited)",
				);
				GCC_SYMBOLS_PRIVATE_EXTERN = NO;
				GCC_WARN_64_TO_32_BIT_CONVERSION = YES;
				GCC_WARN_ABOUT_RETURN_TYPE = YES_ERROR;
				GCC_WARN_UNDECLARED_SELECTOR = YES;
				GCC_WARN_UNINITIALIZED_AUTOS = YES_AGGRESSIVE;
				GCC_WARN_UNUSED_FUNCTION = YES;
				GCC_WARN_UNUSED_VARIABLE = YES;
				IPHONEOS_DEPLOYMENT_TARGET = 8.1;
				MTL_ENABLE_DEBUG_INFO = YES;
				ONLY_ACTIVE_ARCH = YES;
				SDKROOT = iphoneos;
			};
			name = Debug;
		};
		521C1A4E1A260791004EAF91 /* Release */ = {
			isa = XCBuildConfiguration;
			buildSettings = {
				ALWAYS_SEARCH_USER_PATHS = NO;
				CLANG_CXX_LANGUAGE_STANDARD = "gnu++0x";
				CLANG_CXX_LIBRARY = "libc++";
				CLANG_ENABLE_MODULES = YES;
				CLANG_ENABLE_OBJC_ARC = YES;
				CLANG_WARN_BOOL_CONVERSION = YES;
				CLANG_WARN_CONSTANT_CONVERSION = YES;
				CLANG_WARN_DIRECT_OBJC_ISA_USAGE = YES_ERROR;
				CLANG_WARN_EMPTY_BODY = YES;
				CLANG_WARN_ENUM_CONVERSION = YES;
				CLANG_WARN_INT_CONVERSION = YES;
				CLANG_WARN_OBJC_ROOT_CLASS = YES_ERROR;
				CLANG_WARN_UNREACHABLE_CODE = YES;
				CLANG_WARN__DUPLICATE_METHOD_MATCH = YES;
				"CODE_SIGN_IDENTITY[sdk=iphoneos*]" = "iPhone Developer";
				COPY_PHASE_STRIP = YES;
				ENABLE_NS_ASSERTIONS = NO;
				ENABLE_STRICT_OBJC_MSGSEND = YES;
				GCC_C_LANGUAGE_STANDARD = gnu99;
				GCC_WARN_64_TO_32_BIT_CONVERSION = YES;
				GCC_WARN_ABOUT_RETURN_TYPE = YES_ERROR;
				GCC_WARN_UNDECLARED_SELECTOR = YES;
				GCC_WARN_UNINITIALIZED_AUTOS = YES_AGGRESSIVE;
				GCC_WARN_UNUSED_FUNCTION = YES;
				GCC_WARN_UNUSED_VARIABLE = YES;
				IPHONEOS_DEPLOYMENT_TARGET = 8.1;
				MTL_ENABLE_DEBUG_INFO = NO;
				SDKROOT = iphoneos;
				VALIDATE_PRODUCT = YES;
			};
			name = Release;
		};
		521C1A501A260791004EAF91 /* Debug */ = {
			isa = XCBuildConfiguration;
			buildSettings = {
				ASSETCATALOG_COMPILER_APPICON_NAME = AppIcon;
				INFOPLIST_FILE = Machismo/Info.plist;
				LD_RUNPATH_SEARCH_PATHS = "$(inherited) @executable_path/Frameworks";
				PRODUCT_NAME = "$(TARGET_NAME)";
			};
			name = Debug;
		};
		521C1A511A260791004EAF91 /* Release */ = {
			isa = XCBuildConfiguration;
			buildSettings = {
				ASSETCATALOG_COMPILER_APPICON_NAME = AppIcon;
				INFOPLIST_FILE = Machismo/Info.plist;
				LD_RUNPATH_SEARCH_PATHS = "$(inherited) @executable_path/Frameworks";
				PRODUCT_NAME = "$(TARGET_NAME)";
			};
			name = Release;
		};
		521C1A531A260791004EAF91 /* Debug */ = {
			isa = XCBuildConfiguration;
			buildSettings = {
				BUNDLE_LOADER = "$(TEST_HOST)";
				FRAMEWORK_SEARCH_PATHS = (
					"$(SDKROOT)/Developer/Library/Frameworks",
					"$(inherited)",
				);
				GCC_PREPROCESSOR_DEFINITIONS = (
					"DEBUG=1",
					"$(inherited)",
				);
				INFOPLIST_FILE = MachismoTests/Info.plist;
				LD_RUNPATH_SEARCH_PATHS = "$(inherited) @executable_path/Frameworks @loader_path/Frameworks";
				PRODUCT_NAME = "$(TARGET_NAME)";
				TEST_HOST = "$(BUILT_PRODUCTS_DIR)/Machismo.app/Machismo";
			};
			name = Debug;
		};
		521C1A541A260791004EAF91 /* Release */ = {
			isa = XCBuildConfiguration;
			buildSettings = {
				BUNDLE_LOADER = "$(TEST_HOST)";
				FRAMEWORK_SEARCH_PATHS = (
					"$(SDKROOT)/Developer/Library/Frameworks",
					"$(inherited)",
				);
				INFOPLIST_FILE = MachismoTests/Info.plist;
				LD_RUNPATH_SEARCH_PATHS = "$(inherited) @executable_path/Frameworks @loader_path/Frameworks";
				PRODUCT_NAME = "$(TARGET_NAME)";
				TEST_HOST = "$(BUILT_PRODUCTS_DIR)/Machismo.app/Machismo";
			};
			name = Release;
		};
/* End XCBuildConfiguration section */

/* Begin XCConfigurationList section */
		521C1A271A260790004EAF91 /* Build configuration list for PBXProject "Machismo" */ = {
			isa = XCConfigurationList;
			buildConfigurations = (
				521C1A4D1A260791004EAF91 /* Debug */,
				521C1A4E1A260791004EAF91 /* Release */,
			);
			defaultConfigurationIsVisible = 0;
			defaultConfigurationName = Release;
		};
		521C1A4F1A260791004EAF91 /* Build configuration list for PBXNativeTarget "Machismo" */ = {
			isa = XCConfigurationList;
			buildConfigurations = (
				521C1A501A260791004EAF91 /* Debug */,
				521C1A511A260791004EAF91 /* Release */,
			);
			defaultConfigurationIsVisible = 0;
			defaultConfigurationName = Release;
		};
		521C1A521A260791004EAF91 /* Build configuration list for PBXNativeTarget "MachismoTests" */ = {
			isa = XCConfigurationList;
			buildConfigurations = (
				521C1A531A260791004EAF91 /* Debug */,
				521C1A541A260791004EAF91 /* Release */,
			);
			defaultConfigurationIsVisible = 0;
			defaultConfigurationName = Release;
		};
/* End XCConfigurationList section */
	};
	rootObject = 521C1A241A260790004EAF91 /* Project object */;
}
